
Microsoft Visual Studio Solution File, Format Version 12.00
# Visual Studio Version 16
VisualStudioVersion = 16.0.30804.86
MinimumVisualStudioVersion = 10.0.40219.1
Project("{FAE04EC0-301F-11D3-BF4B-00C04F79EFBC}") = "Questao05_A", "Questao05_A\Questao05_A.csproj", "{3E4005C1-E160-4623-9C54-9EA36450C8E4}"
EndProject
Global
	GlobalSection(SolutionConfigurationPlatforms) = preSolution
		Debug|Any CPU = Debug|Any CPU
		Release|Any CPU = Release|Any CPU
	EndGlobalSection
	GlobalSection(ProjectConfigurationPlatforms) = postSolution
		{3E4005C1-E160-4623-9C54-9EA36450C8E4}.Debug|Any CPU.ActiveCfg = Debug|Any CPU
		{3E4005C1-E160-4623-9C54-9EA36450C8E4}.Debug|Any CPU.Build.0 = Debug|Any CPU
		{3E4005C1-E160-4623-9C54-9EA36450C8E4}.Release|Any CPU.ActiveCfg = Release|Any CPU
		{3E4005C1-E160-4623-9C54-9EA36450C8E4}.Release|Any CPU.Build.0 = Release|Any CPU
	EndGlobalSection
	GlobalSection(SolutionProperties) = preSolution
		HideSolutionNode = FALSE
	EndGlobalSection
	GlobalSection(ExtensibilityGlobals) = postSolution
		SolutionGuid = {63EE458E-C9A6-4F3F-BA4E-C64958F5C59A}
	EndGlobalSection
EndGlobal
